// !$*UTF8*$!
{
	archiveVersion = 1;
	classes = {
	};
	objectVersion = 56;
	objects = {

/* Begin PBXBuildFile section */
		E2E280B12ACEA816006AB8AC /* main.cpp in Sources */ = {isa = PBXBuildFile; fileRef = E2E280B02ACEA816006AB8AC /* main.cpp */; };
		E2E280B92ACEA840006AB8AC /* GLUT.framework in Frameworks */ = {isa = PBXBuildFile; fileRef = E2E280B82ACEA840006AB8AC /* GLUT.framework */; };
		E2E280BB2ACEA84A006AB8AC /* OpenGL.framework in Frameworks */ = {isa = PBXBuildFile; fileRef = E2E280BA2ACEA84A006AB8AC /* OpenGL.framework */; };
/* End PBXBuildFile section */

/* Begin PBXCopyFilesBuildPhase section */
		E2E280AB2ACEA816006AB8AC /* CopyFiles */ = {
			isa = PBXCopyFilesBuildPhase;
			buildActionMask = 2147483647;
			dstPath = /usr/share/man/man1/;
			dstSubfolderSpec = 0;
			files = (
			);
			runOnlyForDeploymentPostprocessing = 1;
		};
/* End PBXCopyFilesBuildPhase section */

/* Begin PBXFileReference section */
		E2071D062AD2381300E46712 /* stb_image.h */ = {isa = PBXFileReference; lastKnownFileType = sourcecode.c.h; path = stb_image.h; sourceTree = "<group>"; };
		E2071D082AD2397800E46712 /* container.jpg */ = {isa = PBXFileReference; lastKnownFileType = image.jpeg; path = container.jpg; sourceTree = "<group>"; };
		E2071D092AD25E0A00E46712 /* awesomeface.png */ = {isa = PBXFileReference; lastKnownFileType = image.png; path = awesomeface.png; sourceTree = "<group>"; };
		E2071D0A2AD2721600E46712 /* lenna.png */ = {isa = PBXFileReference; lastKnownFileType = image.png; path = lenna.png; sourceTree = "<group>"; };
		E25ABC8C2ACFAB110028DDDC /* glm */ = {isa = PBXFileReference; lastKnownFileType = folder; path = glm; sourceTree = "<group>"; };
		E2E280AD2ACEA816006AB8AC /* OpenGLProject */ = {isa = PBXFileReference; explicitFileType = "compiled.mach-o.executable"; includeInIndex = 0; path = OpenGLProject; sourceTree = BUILT_PRODUCTS_DIR; };
		E2E280B02ACEA816006AB8AC /* main.cpp */ = {isa = PBXFileReference; lastKnownFileType = sourcecode.cpp.cpp; path = main.cpp; sourceTree = "<group>"; };
		E2E280B82ACEA840006AB8AC /* GLUT.framework */ = {isa = PBXFileReference; lastKnownFileType = wrapper.framework; name = GLUT.framework; path = System/Library/Frameworks/GLUT.framework; sourceTree = SDKROOT; };
		E2E280BA2ACEA84A006AB8AC /* OpenGL.framework */ = {isa = PBXFileReference; lastKnownFileType = wrapper.framework; name = OpenGL.framework; path = System/Library/Frameworks/OpenGL.framework; sourceTree = SDKROOT; };
		E2E280BE2ACEAA74006AB8AC /* TessControlShader.txt */ = {isa = PBXFileReference; fileEncoding = 4; lastKnownFileType = text; path = TessControlShader.txt; sourceTree = "<group>"; };
		E2E280BF2ACEAA74006AB8AC /* FragmentShader.txt */ = {isa = PBXFileReference; fileEncoding = 4; lastKnownFileType = text; path = FragmentShader.txt; sourceTree = "<group>"; };
		E2E280C02ACEAA74006AB8AC /* GeometryShader.txt */ = {isa = PBXFileReference; fileEncoding = 4; lastKnownFileType = text; path = GeometryShader.txt; sourceTree = "<group>"; };
		E2E280C12ACEAA74006AB8AC /* TessEvalShader.txt */ = {isa = PBXFileReference; fileEncoding = 4; lastKnownFileType = text; path = TessEvalShader.txt; sourceTree = "<group>"; };
		E2E280C22ACEAA74006AB8AC /* VertexShader.txt */ = {isa = PBXFileReference; fileEncoding = 4; lastKnownFileType = text; path = VertexShader.txt; sourceTree = "<group>"; };
/* End PBXFileReference section */

/* Begin PBXFrameworksBuildPhase section */
		E2E280AA2ACEA816006AB8AC /* Frameworks */ = {
			isa = PBXFrameworksBuildPhase;
			buildActionMask = 2147483647;
			files = (
				E2E280B92ACEA840006AB8AC /* GLUT.framework in Frameworks */,
				E2E280BB2ACEA84A006AB8AC /* OpenGL.framework in Frameworks */,
			);
			runOnlyForDeploymentPostprocessing = 0;
		};
/* End PBXFrameworksBuildPhase section */

/* Begin PBXGroup section */
		E2E280A42ACEA816006AB8AC = {
			isa = PBXGroup;
			children = (
				E2E280AF2ACEA816006AB8AC /* OpenGLProject */,
				E2E280AE2ACEA816006AB8AC /* Products */,
				E2E280B72ACEA840006AB8AC /* Frameworks */,
			);
			sourceTree = "<group>";
		};
		E2E280AE2ACEA816006AB8AC /* Products */ = {
			isa = PBXGroup;
			children = (
				E2E280AD2ACEA816006AB8AC /* OpenGLProject */,
			);
			name = Products;
			sourceTree = "<group>";
		};
		E2E280AF2ACEA816006AB8AC /* OpenGLProject */ = {
			isa = PBXGroup;
			children = (
				E2071D0A2AD2721600E46712 /* lenna.png */,
				E2071D092AD25E0A00E46712 /* awesomeface.png */,
				E2071D082AD2397800E46712 /* container.jpg */,
				E2071D062AD2381300E46712 /* stb_image.h */,
				E25ABC8C2ACFAB110028DDDC /* glm */,
				E2E280BF2ACEAA74006AB8AC /* FragmentShader.txt */,
				E2E280C02ACEAA74006AB8AC /* GeometryShader.txt */,
				E2E280BE2ACEAA74006AB8AC /* TessControlShader.txt */,
				E2E280C12ACEAA74006AB8AC /* TessEvalShader.txt */,
				E2E280C22ACEAA74006AB8AC /* VertexShader.txt */,
				E2E280B02ACEA816006AB8AC /* main.cpp */,
			);
			path = OpenGLProject;
			sourceTree = "<group>";
		};
		E2E280B72ACEA840006AB8AC /* Frameworks */ = {
			isa = PBXGroup;
			children = (
				E2E280BA2ACEA84A006AB8AC /* OpenGL.framework */,
				E2E280B82ACEA840006AB8AC /* GLUT.framework */,
			);
			name = Frameworks;
			sourceTree = "<group>";
		};
/* End PBXGroup section */

/* Begin PBXNativeTarget section */
		E2E280AC2ACEA816006AB8AC /* OpenGLProject */ = {
			isa = PBXNativeTarget;
			buildConfigurationList = E2E280B42ACEA816006AB8AC /* Build configuration list for PBXNativeTarget "OpenGLProject" */;
			buildPhases = (
				E2E280A92ACEA816006AB8AC /* Sources */,
				E2E280AA2ACEA816006AB8AC /* Frameworks */,
				E2E280AB2ACEA816006AB8AC /* CopyFiles */,
			);
			buildRules = (
			);
			dependencies = (
			);
			name = OpenGLProject;
			productName = OpenGLProject;
			productReference = E2E280AD2ACEA816006AB8AC /* OpenGLProject */;
			productType = "com.apple.product-type.tool";
		};
/* End PBXNativeTarget section */

/* Begin PBXProject section */
		E2E280A52ACEA816006AB8AC /* Project object */ = {
			isa = PBXProject;
			attributes = {
				BuildIndependentTargetsInParallel = 1;
				LastUpgradeCheck = 1500;
				TargetAttributes = {
					E2E280AC2ACEA816006AB8AC = {
						CreatedOnToolsVersion = 15.0;
					};
				};
			};
			buildConfigurationList = E2E280A82ACEA816006AB8AC /* Build configuration list for PBXProject "OpenGLProject" */;
			compatibilityVersion = "Xcode 14.0";
			developmentRegion = en;
			hasScannedForEncodings = 0;
			knownRegions = (
				en,
				Base,
			);
			mainGroup = E2E280A42ACEA816006AB8AC;
			productRefGroup = E2E280AE2ACEA816006AB8AC /* Products */;
			projectDirPath = "";
			projectRoot = "";
			targets = (
				E2E280AC2ACEA816006AB8AC /* OpenGLProject */,
			);
		};
/* End PBXProject section */

/* Begin PBXSourcesBuildPhase section */
		E2E280A92ACEA816006AB8AC /* Sources */ = {
			isa = PBXSourcesBuildPhase;
			buildActionMask = 2147483647;
			files = (
				E2E280B12ACEA816006AB8AC /* main.cpp in Sources */,
			);
			runOnlyForDeploymentPostprocessing = 0;
		};
/* End PBXSourcesBuildPhase section */

/* Begin XCBuildConfiguration section */
		E2E280B22ACEA816006AB8AC /* Debug */ = {
			isa = XCBuildConfiguration;
			buildSettings = {
				ALWAYS_SEARCH_USER_PATHS = NO;
				ASSETCATALOG_COMPILER_GENERATE_SWIFT_ASSET_SYMBOL_EXTENSIONS = YES;
				CLANG_ANALYZER_NONNULL = YES;
				CLANG_ANALYZER_NUMBER_OBJECT_CONVERSION = YES_AGGRESSIVE;
				CLANG_CXX_LANGUAGE_STANDARD = "gnu++20";
				CLANG_ENABLE_MODULES = YES;
				CLANG_ENABLE_OBJC_ARC = YES;
				CLANG_ENABLE_OBJC_WEAK = YES;
				CLANG_WARN_BLOCK_CAPTURE_AUTORELEASING = YES;
				CLANG_WARN_BOOL_CONVERSION = YES;
				CLANG_WARN_COMMA = YES;
				CLANG_WARN_CONSTANT_CONVERSION = YES;
				CLANG_WARN_DEPRECATED_OBJC_IMPLEMENTATIONS = YES;
				CLANG_WARN_DIRECT_OBJC_ISA_USAGE = YES_ERROR;
				CLANG_WARN_DOCUMENTATION_COMMENTS = YES;
				CLANG_WARN_EMPTY_BODY = YES;
				CLANG_WARN_ENUM_CONVERSION = YES;
				CLANG_WARN_INFINITE_RECURSION = YES;
				CLANG_WARN_INT_CONVERSION = YES;
				CLANG_WARN_NON_LITERAL_NULL_CONVERSION = YES;
				CLANG_WARN_OBJC_IMPLICIT_RETAIN_SELF = YES;
				CLANG_WARN_OBJC_LITERAL_CONVERSION = YES;
				CLANG_WARN_OBJC_ROOT_CLASS = YES_ERROR;
				CLANG_WARN_QUOTED_INCLUDE_IN_FRAMEWORK_HEADER = YES;
				CLANG_WARN_RANGE_LOOP_ANALYSIS = YES;
				CLANG_WARN_STRICT_PROTOTYPES = YES;
				CLANG_WARN_SUSPICIOUS_MOVE = YES;
				CLANG_WARN_UNGUARDED_AVAILABILITY = YES_AGGRESSIVE;
				CLANG_WARN_UNREACHABLE_CODE = YES;
				CLANG_WARN__DUPLICATE_METHOD_MATCH = YES;
				COPY_PHASE_STRIP = NO;
				DEBUG_INFORMATION_FORMAT = dwarf;
				ENABLE_STRICT_OBJC_MSGSEND = YES;
				ENABLE_TESTABILITY = YES;
				ENABLE_USER_SCRIPT_SANDBOXING = YES;
				GCC_C_LANGUAGE_STANDARD = gnu17;
				GCC_DYNAMIC_NO_PIC = NO;
				GCC_NO_COMMON_BLOCKS = YES;
				GCC_OPTIMIZATION_LEVEL = 0;
				GCC_PREPROCESSOR_DEFINITIONS = (
					"DEBUG=1",
					"$(inherited)",
				);
				GCC_WARN_64_TO_32_BIT_CONVERSION = YES;
				GCC_WARN_ABOUT_RETURN_TYPE = YES_ERROR;
				GCC_WARN_UNDECLARED_SELECTOR = YES;
				GCC_WARN_UNINITIALIZED_AUTOS = YES_AGGRESSIVE;
				GCC_WARN_UNUSED_FUNCTION = YES;
				GCC_WARN_UNUSED_VARIABLE = YES;
				LOCALIZATION_PREFERS_STRING_CATALOGS = YES;
				MACOSX_DEPLOYMENT_TARGET = 14.0;
				MTL_ENABLE_DEBUG_INFO = INCLUDE_SOURCE;
				MTL_FAST_MATH = YES;
				ONLY_ACTIVE_ARCH = YES;
				SDKROOT = macosx;
			};
			name = Debug;
		};
		E2E280B32ACEA816006AB8AC /* Release */ = {
			isa = XCBuildConfiguration;
			buildSettings = {
				ALWAYS_SEARCH_USER_PATHS = NO;
				ASSETCATALOG_COMPILER_GENERATE_SWIFT_ASSET_SYMBOL_EXTENSIONS = YES;
				CLANG_ANALYZER_NONNULL = YES;
				CLANG_ANALYZER_NUMBER_OBJECT_CONVERSION = YES_AGGRESSIVE;
				CLANG_CXX_LANGUAGE_STANDARD = "gnu++20";
				CLANG_ENABLE_MODULES = YES;
				CLANG_ENABLE_OBJC_ARC = YES;
				CLANG_ENABLE_OBJC_WEAK = YES;
				CLANG_WARN_BLOCK_CAPTURE_AUTORELEASING = YES;
				CLANG_WARN_BOOL_CONVERSION = YES;
				CLANG_WARN_COMMA = YES;
				CLANG_WARN_CONSTANT_CONVERSION = YES;
				CLANG_WARN_DEPRECATED_OBJC_IMPLEMENTATIONS = YES;
				CLANG_WARN_DIRECT_OBJC_ISA_USAGE = YES_ERROR;
				CLANG_WARN_DOCUMENTATION_COMMENTS = YES;
				CLANG_WARN_EMPTY_BODY = YES;
				CLANG_WARN_ENUM_CONVERSION = YES;
				CLANG_WARN_INFINITE_RECURSION = YES;
				CLANG_WARN_INT_CONVERSION = YES;
				CLANG_WARN_NON_LITERAL_NULL_CONVERSION = YES;
				CLANG_WARN_OBJC_IMPLICIT_RETAIN_SELF = YES;
				CLANG_WARN_OBJC_LITERAL_CONVERSION = YES;
				CLANG_WARN_OBJC_ROOT_CLASS = YES_ERROR;
				CLANG_WARN_QUOTED_INCLUDE_IN_FRAMEWORK_HEADER = YES;
				CLANG_WARN_RANGE_LOOP_ANALYSIS = YES;
				CLANG_WARN_STRICT_PROTOTYPES = YES;
				CLANG_WARN_SUSPICIOUS_MOVE = YES;
				CLANG_WARN_UNGUARDED_AVAILABILITY = YES_AGGRESSIVE;
				CLANG_WARN_UNREACHABLE_CODE = YES;
				CLANG_WARN__DUPLICATE_METHOD_MATCH = YES;
				COPY_PHASE_STRIP = NO;
				DEBUG_INFORMATION_FORMAT = "dwarf-with-dsym";
				ENABLE_NS_ASSERTIONS = NO;
				ENABLE_STRICT_OBJC_MSGSEND = YES;
				ENABLE_USER_SCRIPT_SANDBOXING = YES;
				GCC_C_LANGUAGE_STANDARD = gnu17;
				GCC_NO_COMMON_BLOCKS = YES;
				GCC_WARN_64_TO_32_BIT_CONVERSION = YES;
				GCC_WARN_ABOUT_RETURN_TYPE = YES_ERROR;
				GCC_WARN_UNDECLARED_SELECTOR = YES;
				GCC_WARN_UNINITIALIZED_AUTOS = YES_AGGRESSIVE;
				GCC_WARN_UNUSED_FUNCTION = YES;
				GCC_WARN_UNUSED_VARIABLE = YES;
				LOCALIZATION_PREFERS_STRING_CATALOGS = YES;
				MACOSX_DEPLOYMENT_TARGET = 14.0;
				MTL_ENABLE_DEBUG_INFO = NO;
				MTL_FAST_MATH = YES;
				SDKROOT = macosx;
			};
			name = Release;
		};
		E2E280B52ACEA816006AB8AC /* Debug */ = {
			isa = XCBuildConfiguration;
			buildSettings = {
				CODE_SIGN_STYLE = Automatic;
				PRODUCT_NAME = "$(TARGET_NAME)";
			};
			name = Debug;
		};
		E2E280B62ACEA816006AB8AC /* Release */ = {
			isa = XCBuildConfiguration;
			buildSettings = {
				CODE_SIGN_STYLE = Automatic;
				PRODUCT_NAME = "$(TARGET_NAME)";
			};
			name = Release;
		};
/* End XCBuildConfiguration section */

/* Begin XCConfigurationList section */
		E2E280A82ACEA816006AB8AC /* Build configuration list for PBXProject "OpenGLProject" */ = {
			isa = XCConfigurationList;
			buildConfigurations = (
				E2E280B22ACEA816006AB8AC /* Debug */,
				E2E280B32ACEA816006AB8AC /* Release */,
			);
			defaultConfigurationIsVisible = 0;
			defaultConfigurationName = Release;
		};
		E2E280B42ACEA816006AB8AC /* Build configuration list for PBXNativeTarget "OpenGLProject" */ = {
			isa = XCConfigurationList;
			buildConfigurations = (
				E2E280B52ACEA816006AB8AC /* Debug */,
				E2E280B62ACEA816006AB8AC /* Release */,
			);
			defaultConfigurationIsVisible = 0;
			defaultConfigurationName = Release;
		};
/* End XCConfigurationList section */
	};
	rootObject = E2E280A52ACEA816006AB8AC /* Project object */;
}
